
Microsoft Visual Studio Solution File, Format Version 12.00
# Visual Studio Version 17
VisualStudioVersion = 17.0.31903.59
MinimumVisualStudioVersion = 10.0.40219.1
Project("{FAE04EC0-301F-11D3-BF4B-00C04F79EFBC}") = "Hangfire", "Hangfire\Hangfire.csproj", "{18C5D25A-1901-44E1-A05C-A9E5963CDE75}"
EndProject
Global
	GlobalSection(SolutionConfigurationPlatforms) = preSolution
		Debug|Any CPU = Debug|Any CPU
		Release|Any CPU = Release|Any CPU
	EndGlobalSection
	GlobalSection(ProjectConfigurationPlatforms) = postSolution
		{18C5D25A-1901-44E1-A05C-A9E5963CDE75}.Debug|Any CPU.ActiveCfg = Debug|Any CPU
		{18C5D25A-1901-44E1-A05C-A9E5963CDE75}.Debug|Any CPU.Build.0 = Debug|Any CPU
		{18C5D25A-1901-44E1-A05C-A9E5963CDE75}.Release|Any CPU.ActiveCfg = Release|Any CPU
		{18C5D25A-1901-44E1-A05C-A9E5963CDE75}.Release|Any CPU.Build.0 = Release|Any CPU
	EndGlobalSection
	GlobalSection(SolutionProperties) = preSolution
		HideSolutionNode = FALSE
	EndGlobalSection
	GlobalSection(ExtensibilityGlobals) = postSolution
		SolutionGuid = {ACB724AB-9815-430B-8B7D-6555D1164993}
	EndGlobalSection
EndGlobal
