
Microsoft Visual Studio Solution File, Format Version 12.00
# Visual Studio Version 17
VisualStudioVersion = 17.0.31903.59
MinimumVisualStudioVersion = 10.0.40219.1
Project("{FAE04EC0-301F-11D3-BF4B-00C04F79EFBC}") = "AzureFunctionsTest", "AzureFunctionsTest\AzureFunctionsTest.csproj", "{9B2C069B-369C-4A37-9D42-0D1C26C3FD4B}"
EndProject
Global
	GlobalSection(SolutionConfigurationPlatforms) = preSolution
		Debug|Any CPU = Debug|Any CPU
		Release|Any CPU = Release|Any CPU
	EndGlobalSection
	GlobalSection(ProjectConfigurationPlatforms) = postSolution
		{9B2C069B-369C-4A37-9D42-0D1C26C3FD4B}.Debug|Any CPU.ActiveCfg = Debug|Any CPU
		{9B2C069B-369C-4A37-9D42-0D1C26C3FD4B}.Debug|Any CPU.Build.0 = Debug|Any CPU
		{9B2C069B-369C-4A37-9D42-0D1C26C3FD4B}.Release|Any CPU.ActiveCfg = Release|Any CPU
		{9B2C069B-369C-4A37-9D42-0D1C26C3FD4B}.Release|Any CPU.Build.0 = Release|Any CPU
	EndGlobalSection
	GlobalSection(SolutionProperties) = preSolution
		HideSolutionNode = FALSE
	EndGlobalSection
	GlobalSection(ExtensibilityGlobals) = postSolution
		SolutionGuid = {14BB18EB-33A2-4EC5-9953-0116FED2FFCE}
	EndGlobalSection
EndGlobal
